
Microsoft Visual Studio Solution File, Format Version 12.00
# Visual Studio Version 17
VisualStudioVersion = 17.7.34024.191
MinimumVisualStudioVersion = 10.0.40219.1
Project("{FAE04EC0-301F-11D3-BF4B-00C04F79EFBC}") = "DZ290923", "DZ290923\DZ290923.csproj", "{3DC005C2-DA21-48E6-9EC8-0FAB1636F82A}"
EndProject
Global
	GlobalSection(SolutionConfigurationPlatforms) = preSolution
		Debug|Any CPU = Debug|Any CPU
		Release|Any CPU = Release|Any CPU
	EndGlobalSection
	GlobalSection(ProjectConfigurationPlatforms) = postSolution
		{3DC005C2-DA21-48E6-9EC8-0FAB1636F82A}.Debug|Any CPU.ActiveCfg = Debug|Any CPU
		{3DC005C2-DA21-48E6-9EC8-0FAB1636F82A}.Debug|Any CPU.Build.0 = Debug|Any CPU
		{3DC005C2-DA21-48E6-9EC8-0FAB1636F82A}.Release|Any CPU.ActiveCfg = Release|Any CPU
		{3DC005C2-DA21-48E6-9EC8-0FAB1636F82A}.Release|Any CPU.Build.0 = Release|Any CPU
	EndGlobalSection
	GlobalSection(SolutionProperties) = preSolution
		HideSolutionNode = FALSE
	EndGlobalSection
	GlobalSection(ExtensibilityGlobals) = postSolution
		SolutionGuid = {8A4EDE7A-55A9-48DB-BCA5-AF019F74C8E0}
	EndGlobalSection
EndGlobal
